Microsoft Visual Studio Solution File, Format Version 12.00
# Visual Studio 16
Project("{FAE04EC0-301F-11D3-BF4B-00C04F79EFBC}") = "InputConfig", "InputConfig.csproj", "{2F05038C-0F4E-47AC-90FC-CE6776454B3F}"
EndProject
Global
	GlobalSection(SolutionConfigurationPlatforms) = preSolution
		CANoe_Debug|Any CPU = CANoe_Debug|Any CPU
		CANoe_Release|Any CPU = CANoe_Release|Any CPU
	EndGlobalSection
	GlobalSection(ProjectConfigurationPlatforms) = postSolution
		{2F05038C-0F4E-47AC-90FC-CE6776454B3F}.CANoe_Debug|Any CPU.ActiveCfg = CANoe_Debug|Any CPU
		{2F05038C-0F4E-47AC-90FC-CE6776454B3F}.CANoe_Debug|Any CPU.Build.0 = CANoe_Debug|Any CPU
		{2F05038C-0F4E-47AC-90FC-CE6776454B3F}.CANoe_Release|Any CPU.ActiveCfg = CANoe_Release|Any CPU
		{2F05038C-0F4E-47AC-90FC-CE6776454B3F}.CANoe_Release|Any CPU.Build.0 = CANoe_Release|Any CPU
	EndGlobalSection
	GlobalSection(SolutionProperties) = preSolution
		HideSolutionNode = FALSE
	EndGlobalSection
EndGlobal
